
Microsoft Visual Studio Solution File, Format Version 12.00
# Visual Studio Version 16
VisualStudioVersion = 16.0.30011.22
MinimumVisualStudioVersion = 10.0.40219.1
Project("{FAE04EC0-301F-11D3-BF4B-00C04F79EFBC}") = "DiseñoTres", "DiseñoTres\DiseñoTres.csproj", "{68A98096-8DC3-41D8-BA07-E9A4084F410A}"
EndProject
Global
	GlobalSection(SolutionConfigurationPlatforms) = preSolution
		Debug|Any CPU = Debug|Any CPU
		Release|Any CPU = Release|Any CPU
	EndGlobalSection
	GlobalSection(ProjectConfigurationPlatforms) = postSolution
		{68A98096-8DC3-41D8-BA07-E9A4084F410A}.Debug|Any CPU.ActiveCfg = Debug|Any CPU
		{68A98096-8DC3-41D8-BA07-E9A4084F410A}.Debug|Any CPU.Build.0 = Debug|Any CPU
		{68A98096-8DC3-41D8-BA07-E9A4084F410A}.Release|Any CPU.ActiveCfg = Release|Any CPU
		{68A98096-8DC3-41D8-BA07-E9A4084F410A}.Release|Any CPU.Build.0 = Release|Any CPU
	EndGlobalSection
	GlobalSection(SolutionProperties) = preSolution
		HideSolutionNode = FALSE
	EndGlobalSection
	GlobalSection(ExtensibilityGlobals) = postSolution
		SolutionGuid = {46D3F32E-44EE-4740-93B5-6AA3150BB1FE}
	EndGlobalSection
EndGlobal
